
Microsoft Visual Studio Solution File, Format Version 12.00
# Visual Studio 15
VisualStudioVersion = 15.0.26730.16
MinimumVisualStudioVersion = 10.0.40219.1
Project("{8BC9CEB8-8B4A-11D0-8D11-00A0C91BC942}") = "BeeT.GUI", "BeeTGUI\BeeT.GUI.vcxproj", "{4E212529-FE31-40EE-9C0A-89A74404D637}"
	ProjectSection(ProjectDependencies) = postProject
		{4EE5DD5A-D157-4494-85EE-61A99DB17AF9} = {4EE5DD5A-D157-4494-85EE-61A99DB17AF9}
		{0D3003E7-D8DB-4907-B579-0E125E5A1437} = {0D3003E7-D8DB-4907-B579-0E125E5A1437}
	EndProjectSection
EndProject
Project("{8BC9CEB8-8B4A-11D0-8D11-00A0C91BC942}") = "SDL2", "SDL2\SDL2.vcxproj", "{0D3003E7-D8DB-4907-B579-0E125E5A1437}"
EndProject
Project("{8BC9CEB8-8B4A-11D0-8D11-00A0C91BC942}") = "Glew", "Glew\Glew.vcxproj", "{4EE5DD5A-D157-4494-85EE-61A99DB17AF9}"
EndProject
Project("{8BC9CEB8-8B4A-11D0-8D11-00A0C91BC942}") = "BeeT.Lib", "BeeTLib\BeeT.Lib.vcxproj", "{39D01010-6082-41BE-AB53-BAC7D1A19E70}"
EndProject
Project("{8BC9CEB8-8B4A-11D0-8D11-00A0C91BC942}") = "BeeT.Demo", "BeeTDemo\BeeT.Demo.vcxproj", "{E2679BF8-47BC-4DE3-BEB6-4075DB5EEF31}"
	ProjectSection(ProjectDependencies) = postProject
		{39D01010-6082-41BE-AB53-BAC7D1A19E70} = {39D01010-6082-41BE-AB53-BAC7D1A19E70}
	EndProjectSection
EndProject
Global
	GlobalSection(SolutionConfigurationPlatforms) = preSolution
		Debug|x64 = Debug|x64
		Debug|x86 = Debug|x86
		DemoDeb|x64 = DemoDeb|x64
		DemoDeb|x86 = DemoDeb|x86
		DemoRel|x64 = DemoRel|x64
		DemoRel|x86 = DemoRel|x86
		GUIDeb|x64 = GUIDeb|x64
		GUIDeb|x86 = GUIDeb|x86
		GUIRel|x64 = GUIRel|x64
		GUIRel|x86 = GUIRel|x86
		Release|x64 = Release|x64
		Release|x86 = Release|x86
	EndGlobalSection
	GlobalSection(ProjectConfigurationPlatforms) = postSolution
		{4E212529-FE31-40EE-9C0A-89A74404D637}.Debug|x64.ActiveCfg = Debug|x64
		{4E212529-FE31-40EE-9C0A-89A74404D637}.Debug|x64.Build.0 = Debug|x64
		{4E212529-FE31-40EE-9C0A-89A74404D637}.Debug|x86.ActiveCfg = Debug|Win32
		{4E212529-FE31-40EE-9C0A-89A74404D637}.Debug|x86.Build.0 = Debug|Win32
		{4E212529-FE31-40EE-9C0A-89A74404D637}.DemoDeb|x64.ActiveCfg = Debug|x64
		{4E212529-FE31-40EE-9C0A-89A74404D637}.DemoDeb|x86.ActiveCfg = Debug|Win32
		{4E212529-FE31-40EE-9C0A-89A74404D637}.DemoRel|x64.ActiveCfg = Release|x64
		{4E212529-FE31-40EE-9C0A-89A74404D637}.DemoRel|x86.ActiveCfg = Release|Win32
		{4E212529-FE31-40EE-9C0A-89A74404D637}.GUIDeb|x64.ActiveCfg = Debug|x64
		{4E212529-FE31-40EE-9C0A-89A74404D637}.GUIDeb|x64.Build.0 = Debug|x64
		{4E212529-FE31-40EE-9C0A-89A74404D637}.GUIDeb|x86.ActiveCfg = Debug|Win32
		{4E212529-FE31-40EE-9C0A-89A74404D637}.GUIDeb|x86.Build.0 = Debug|Win32
		{4E212529-FE31-40EE-9C0A-89A74404D637}.GUIRel|x64.ActiveCfg = Release|x64
		{4E212529-FE31-40EE-9C0A-89A74404D637}.GUIRel|x64.Build.0 = Release|x64
		{4E212529-FE31-40EE-9C0A-89A74404D637}.GUIRel|x86.ActiveCfg = Release|Win32
		{4E212529-FE31-40EE-9C0A-89A74404D637}.GUIRel|x86.Build.0 = Release|Win32
		{4E212529-FE31-40EE-9C0A-89A74404D637}.Release|x64.ActiveCfg = Release|x64
		{4E212529-FE31-40EE-9C0A-89A74404D637}.Release|x64.Build.0 = Release|x64
		{4E212529-FE31-40EE-9C0A-89A74404D637}.Release|x86.ActiveCfg = Release|Win32
		{4E212529-FE31-40EE-9C0A-89A74404D637}.Release|x86.Build.0 = Release|Win32
		{0D3003E7-D8DB-4907-B579-0E125E5A1437}.Debug|x64.ActiveCfg = Debug|x64
		{0D3003E7-D8DB-4907-B579-0E125E5A1437}.Debug|x64.Build.0 = Debug|x64
		{0D3003E7-D8DB-4907-B579-0E125E5A1437}.Debug|x86.ActiveCfg = Debug|Win32
		{0D3003E7-D8DB-4907-B579-0E125E5A1437}.Debug|x86.Build.0 = Debug|Win32
		{0D3003E7-D8DB-4907-B579-0E125E5A1437}.DemoDeb|x64.ActiveCfg = Debug|x64
		{0D3003E7-D8DB-4907-B579-0E125E5A1437}.DemoDeb|x86.ActiveCfg = Debug|Win32
		{0D3003E7-D8DB-4907-B579-0E125E5A1437}.DemoRel|x64.ActiveCfg = Release|x64
		{0D3003E7-D8DB-4907-B579-0E125E5A1437}.DemoRel|x86.ActiveCfg = Release|Win32
		{0D3003E7-D8DB-4907-B579-0E125E5A1437}.GUIDeb|x64.ActiveCfg = Debug|x64
		{0D3003E7-D8DB-4907-B579-0E125E5A1437}.GUIDeb|x86.ActiveCfg = Debug|Win32
		{0D3003E7-D8DB-4907-B579-0E125E5A1437}.GUIRel|x64.ActiveCfg = Release|x64
		{0D3003E7-D8DB-4907-B579-0E125E5A1437}.GUIRel|x86.ActiveCfg = Release|Win32
		{0D3003E7-D8DB-4907-B579-0E125E5A1437}.Release|x64.ActiveCfg = Release|x64
		{0D3003E7-D8DB-4907-B579-0E125E5A1437}.Release|x64.Build.0 = Release|x64
		{0D3003E7-D8DB-4907-B579-0E125E5A1437}.Release|x86.ActiveCfg = Release|Win32
		{0D3003E7-D8DB-4907-B579-0E125E5A1437}.Release|x86.Build.0 = Release|Win32
		{4EE5DD5A-D157-4494-85EE-61A99DB17AF9}.Debug|x64.ActiveCfg = Debug|x64
		{4EE5DD5A-D157-4494-85EE-61A99DB17AF9}.Debug|x64.Build.0 = Debug|x64
		{4EE5DD5A-D157-4494-85EE-61A99DB17AF9}.Debug|x86.ActiveCfg = Debug|Win32
		{4EE5DD5A-D157-4494-85EE-61A99DB17AF9}.Debug|x86.Build.0 = Debug|Win32
		{4EE5DD5A-D157-4494-85EE-61A99DB17AF9}.DemoDeb|x64.ActiveCfg = Debug|x64
		{4EE5DD5A-D157-4494-85EE-61A99DB17AF9}.DemoDeb|x86.ActiveCfg = Debug|Win32
		{4EE5DD5A-D157-4494-85EE-61A99DB17AF9}.DemoRel|x64.ActiveCfg = Release|x64
		{4EE5DD5A-D157-4494-85EE-61A99DB17AF9}.DemoRel|x86.ActiveCfg = Release|Win32
		{4EE5DD5A-D157-4494-85EE-61A99DB17AF9}.GUIDeb|x64.ActiveCfg = Debug|x64
		{4EE5DD5A-D157-4494-85EE-61A99DB17AF9}.GUIDeb|x86.ActiveCfg = Debug|Win32
		{4EE5DD5A-D157-4494-85EE-61A99DB17AF9}.GUIRel|x64.ActiveCfg = Release|x64
		{4EE5DD5A-D157-4494-85EE-61A99DB17AF9}.GUIRel|x86.ActiveCfg = Release|Win32
		{4EE5DD5A-D157-4494-85EE-61A99DB17AF9}.Release|x64.ActiveCfg = Release|x64
		{4EE5DD5A-D157-4494-85EE-61A99DB17AF9}.Release|x64.Build.0 = Release|x64
		{4EE5DD5A-D157-4494-85EE-61A99DB17AF9}.Release|x86.ActiveCfg = Release|Win32
		{4EE5DD5A-D157-4494-85EE-61A99DB17AF9}.Release|x86.Build.0 = Release|Win32
		{39D01010-6082-41BE-AB53-BAC7D1A19E70}.Debug|x64.ActiveCfg = Debug|x64
		{39D01010-6082-41BE-AB53-BAC7D1A19E70}.Debug|x64.Build.0 = Debug|x64
		{39D01010-6082-41BE-AB53-BAC7D1A19E70}.Debug|x86.ActiveCfg = Debug|Win32
		{39D01010-6082-41BE-AB53-BAC7D1A19E70}.Debug|x86.Build.0 = Debug|Win32
		{39D01010-6082-41BE-AB53-BAC7D1A19E70}.DemoDeb|x64.ActiveCfg = Debug|x64
		{39D01010-6082-41BE-AB53-BAC7D1A19E70}.DemoDeb|x64.Build.0 = Debug|x64
		{39D01010-6082-41BE-AB53-BAC7D1A19E70}.DemoDeb|x86.ActiveCfg = Debug|Win32
		{39D01010-6082-41BE-AB53-BAC7D1A19E70}.DemoDeb|x86.Build.0 = Debug|Win32
		{39D01010-6082-41BE-AB53-BAC7D1A19E70}.DemoRel|x64.ActiveCfg = Release|x64
		{39D01010-6082-41BE-AB53-BAC7D1A19E70}.DemoRel|x64.Build.0 = Release|x64
		{39D01010-6082-41BE-AB53-BAC7D1A19E70}.DemoRel|x86.ActiveCfg = Release|Win32
		{39D01010-6082-41BE-AB53-BAC7D1A19E70}.DemoRel|x86.Build.0 = Release|Win32
		{39D01010-6082-41BE-AB53-BAC7D1A19E70}.GUIDeb|x64.ActiveCfg = Debug|x64
		{39D01010-6082-41BE-AB53-BAC7D1A19E70}.GUIDeb|x86.ActiveCfg = Debug|Win32
		{39D01010-6082-41BE-AB53-BAC7D1A19E70}.GUIRel|x64.ActiveCfg = Release|x64
		{39D01010-6082-41BE-AB53-BAC7D1A19E70}.GUIRel|x86.ActiveCfg = Release|Win32
		{39D01010-6082-41BE-AB53-BAC7D1A19E70}.Release|x64.ActiveCfg = Release|x64
		{39D01010-6082-41BE-AB53-BAC7D1A19E70}.Release|x64.Build.0 = Release|x64
		{39D01010-6082-41BE-AB53-BAC7D1A19E70}.Release|x86.ActiveCfg = Release|Win32
		{39D01010-6082-41BE-AB53-BAC7D1A19E70}.Release|x86.Build.0 = Release|Win32
		{E2679BF8-47BC-4DE3-BEB6-4075DB5EEF31}.Debug|x64.ActiveCfg = Debug|x64
		{E2679BF8-47BC-4DE3-BEB6-4075DB5EEF31}.Debug|x64.Build.0 = Debug|x64
		{E2679BF8-47BC-4DE3-BEB6-4075DB5EEF31}.Debug|x86.ActiveCfg = Debug|Win32
		{E2679BF8-47BC-4DE3-BEB6-4075DB5EEF31}.Debug|x86.Build.0 = Debug|Win32
		{E2679BF8-47BC-4DE3-BEB6-4075DB5EEF31}.DemoDeb|x64.ActiveCfg = Debug|x64
		{E2679BF8-47BC-4DE3-BEB6-4075DB5EEF31}.DemoDeb|x64.Build.0 = Debug|x64
		{E2679BF8-47BC-4DE3-BEB6-4075DB5EEF31}.DemoDeb|x86.ActiveCfg = Debug|Win32
		{E2679BF8-47BC-4DE3-BEB6-4075DB5EEF31}.DemoDeb|x86.Build.0 = Debug|Win32
		{E2679BF8-47BC-4DE3-BEB6-4075DB5EEF31}.DemoRel|x64.ActiveCfg = Release|x64
		{E2679BF8-47BC-4DE3-BEB6-4075DB5EEF31}.DemoRel|x64.Build.0 = Release|x64
		{E2679BF8-47BC-4DE3-BEB6-4075DB5EEF31}.DemoRel|x86.ActiveCfg = Release|Win32
		{E2679BF8-47BC-4DE3-BEB6-4075DB5EEF31}.DemoRel|x86.Build.0 = Release|Win32
		{E2679BF8-47BC-4DE3-BEB6-4075DB5EEF31}.GUIDeb|x64.ActiveCfg = Debug|x64
		{E2679BF8-47BC-4DE3-BEB6-4075DB5EEF31}.GUIDeb|x86.ActiveCfg = Debug|Win32
		{E2679BF8-47BC-4DE3-BEB6-4075DB5EEF31}.GUIRel|x64.ActiveCfg = Release|x64
		{E2679BF8-47BC-4DE3-BEB6-4075DB5EEF31}.GUIRel|x86.ActiveCfg = Release|Win32
		{E2679BF8-47BC-4DE3-BEB6-4075DB5EEF31}.Release|x64.ActiveCfg = Release|x64
		{E2679BF8-47BC-4DE3-BEB6-4075DB5EEF31}.Release|x64.Build.0 = Release|x64
		{E2679BF8-47BC-4DE3-BEB6-4075DB5EEF31}.Release|x86.ActiveCfg = Release|Win32
		{E2679BF8-47BC-4DE3-BEB6-4075DB5EEF31}.Release|x86.Build.0 = Release|Win32
	EndGlobalSection
	GlobalSection(SolutionProperties) = preSolution
		HideSolutionNode = FALSE
	EndGlobalSection
	GlobalSection(ExtensibilityGlobals) = postSolution
		SolutionGuid = {99B946D1-F2AE-409B-A40A-D6EE6F6038EA}
	EndGlobalSection
EndGlobal
