<?xml version="1.0" encoding="utf-8"?>
<Project ToolsVersion="4.0" xmlns="http://schemas.microsoft.com/developer/msbuild/2003">
  <ItemGroup>
    <Filter Include="Source Files">
      <UniqueIdentifier>{4FC737F1-C7A5-4376-A066-2A32D752A2FF}</UniqueIdentifier>
      <Extensions>cpp;c;cc;cxx;def;odl;idl;hpj;bat;asm;asmx</Extensions>
    </Filter>
    <Filter Include="Header Files">
      <UniqueIdentifier>{93995380-89BD-4b04-88EB-625FBE52EBFB}</UniqueIdentifier>
      <Extensions>h;hh;hpp;hxx;hm;inl;inc;xsd</Extensions>
    </Filter>
    <Filter Include="Resource Files">
      <UniqueIdentifier>{67DA6AB6-F800-4c08-8B7A-83BB121AAD01}</UniqueIdentifier>
      <Extensions>rc;ico;cur;bmp;dlg;rc2;rct;bin;rgs;gif;jpg;jpeg;jpe;resx;tiff;tif;png;wav;mfcribbon-ms</Extensions>
    </Filter>
    <Filter Include="parson">
      <UniqueIdentifier>{32f5668b-b981-494c-b49a-40c242a70485}</UniqueIdentifier>
    </Filter>
    <Filter Include="Source Files\Helpers">
      <UniqueIdentifier>{f6994e34-0fcf-42ab-813c-09cd09315f77}</UniqueIdentifier>
    </Filter>
    <Filter Include="Header Files\Helpers">
      <UniqueIdentifier>{1a171c38-2978-4eb6-af32-2d57ec3659f1}</UniqueIdentifier>
    </Filter>
    <Filter Include="SDL_net">
      <UniqueIdentifier>{098ec4ad-204c-4297-ab5f-0930d0cc328e}</UniqueIdentifier>
    </Filter>
  </ItemGroup>
  <ItemGroup>
    <ClInclude Include="beet.h">
      <Filter>Header Files</Filter>
    </ClInclude>
    <ClInclude Include="ThirdParty\parson.h">
      <Filter>parson</Filter>
    </ClInclude>
    <ClInclude Include="BeeT_behaviortree.h">
      <Filter>Header Files</Filter>
    </ClInclude>
    <ClInclude Include="BeeT_node.h">
      <Filter>Header Files</Filter>
    </ClInclude>
    <ClInclude Include="beet_begin.h">
      <Filter>Header Files\Helpers</Filter>
    </ClInclude>
    <ClInclude Include="beet_end.h">
      <Filter>Header Files\Helpers</Filter>
    </ClInclude>
    <ClInclude Include="beet_std.h">
      <Filter>Header Files\Helpers</Filter>
    </ClInclude>
    <ClInclude Include="beet_overrides.h">
      <Filter>Header Files\Helpers</Filter>
    </ClInclude>
    <ClInclude Include="BeeT_serializer.h">
      <Filter>Header Files\Helpers</Filter>
    </ClInclude>
    <ClInclude Include="BeeT_blackboard.h">
      <Filter>Header Files</Filter>
    </ClInclude>
    <ClInclude Include="BeeT_decorator.h">
      <Filter>Header Files</Filter>
    </ClInclude>
    <ClInclude Include="BeeT_debugger.h">
      <Filter>Header Files</Filter>
    </ClInclude>
    <ClInclude Include="ThirdParty\SDLnetsys.h">
      <Filter>SDL_net</Filter>
    </ClInclude>
    <ClInclude Include="ThirdParty\SDL_net.h">
      <Filter>SDL_net</Filter>
    </ClInclude>
    <ClInclude Include="ThirdParty\close_code.h">
      <Filter>SDL_net</Filter>
    </ClInclude>
    <ClInclude Include="ThirdParty\begin_code.h">
      <Filter>SDL_net</Filter>
    </ClInclude>
  </ItemGroup>
  <ItemGroup>
    <ClCompile Include="ThirdParty\parson.c">
      <Filter>parson</Filter>
    </ClCompile>
    <ClCompile Include="beet.c">
      <Filter>Source Files</Filter>
    </ClCompile>
    <ClCompile Include="BeeT_behaviortree.c">
      <Filter>Source Files</Filter>
    </ClCompile>
    <ClCompile Include="BeeT_node.c">
      <Filter>Source Files</Filter>
    </ClCompile>
    <ClCompile Include="BeeT_serializer.c">
      <Filter>Source Files\Helpers</Filter>
    </ClCompile>
    <ClCompile Include="BeeT_memory.c">
      <Filter>Source Files\Helpers</Filter>
    </ClCompile>
    <ClCompile Include="beet_std.c">
      <Filter>Source Files\Helpers</Filter>
    </ClCompile>
    <ClCompile Include="BeeT_blackboard.c">
      <Filter>Source Files</Filter>
    </ClCompile>
    <ClCompile Include="BeeT_decorator.c">
      <Filter>Source Files</Filter>
    </ClCompile>
    <ClCompile Include="BeeT_debugger.c">
      <Filter>Source Files</Filter>
    </ClCompile>
    <ClCompile Include="ThirdParty\SDLnet.c">
      <Filter>SDL_net</Filter>
    </ClCompile>
    <ClCompile Include="ThirdParty\SDLnetselect.c">
      <Filter>SDL_net</Filter>
    </ClCompile>
    <ClCompile Include="ThirdParty\SDLnetTCP.c">
      <Filter>SDL_net</Filter>
    </ClCompile>
    <ClCompile Include="ThirdParty\SDLnetUDP.c">
      <Filter>SDL_net</Filter>
    </ClCompile>
  </ItemGroup>
</Project>