<?xml version="1.0" encoding="utf-8"?>
<Project ToolsVersion="4.0" xmlns="http://schemas.microsoft.com/developer/msbuild/2003">
  <ItemGroup>
    <Filter Include="Source Files">
      <UniqueIdentifier>{4FC737F1-C7A5-4376-A066-2A32D752A2FF}</UniqueIdentifier>
      <Extensions>cpp;c;cc;cxx;def;odl;idl;hpj;bat;asm;asmx</Extensions>
    </Filter>
    <Filter Include="Header Files">
      <UniqueIdentifier>{93995380-89BD-4b04-88EB-625FBE52EBFB}</UniqueIdentifier>
      <Extensions>h;hh;hpp;hxx;hm;inl;inc;xsd</Extensions>
    </Filter>
    <Filter Include="Resource Files">
      <UniqueIdentifier>{67DA6AB6-F800-4c08-8B7A-83BB121AAD01}</UniqueIdentifier>
      <Extensions>rc;ico;cur;bmp;dlg;rc2;rct;bin;rgs;gif;jpg;jpeg;jpe;resx;tiff;tif;png;wav;mfcribbon-ms</Extensions>
    </Filter>
    <Filter Include="Header Files\Modules">
      <UniqueIdentifier>{7488c51d-ab80-41f8-b303-bb8dcdb1afdc}</UniqueIdentifier>
    </Filter>
    <Filter Include="Source Files\Modules">
      <UniqueIdentifier>{0c349475-b526-462e-af88-70e11c12f255}</UniqueIdentifier>
    </Filter>
    <Filter Include="Source Files\Helpers">
      <UniqueIdentifier>{7bec660a-dafd-42f1-a7d4-2b3a2412cd76}</UniqueIdentifier>
    </Filter>
    <Filter Include="Header Files\Helpers">
      <UniqueIdentifier>{ee1413e9-34ea-44d1-a0ca-9cb08ccd3d32}</UniqueIdentifier>
    </Filter>
    <Filter Include="ThirdParty">
      <UniqueIdentifier>{c25d348b-5670-4eae-b107-28a9355872ad}</UniqueIdentifier>
    </Filter>
    <Filter Include="ThirdParty\SDL">
      <UniqueIdentifier>{117fe1b2-20d7-444d-b1e0-352aed2ded94}</UniqueIdentifier>
    </Filter>
    <Filter Include="ThirdParty\Glew">
      <UniqueIdentifier>{362a0593-88ac-4f83-8b4e-deb76f2c5def}</UniqueIdentifier>
    </Filter>
    <Filter Include="ThirdParty\NodeEditor">
      <UniqueIdentifier>{d445d775-66c3-45e6-bb6a-6d720ebcdc9a}</UniqueIdentifier>
    </Filter>
    <Filter Include="ThirdParty\ImGui">
      <UniqueIdentifier>{0bdd97cc-8d4d-4d10-a552-3561d1b2eb6c}</UniqueIdentifier>
    </Filter>
    <Filter Include="Source Files\BehaviorTree">
      <UniqueIdentifier>{bba84cde-49ba-462d-8b60-c617602934d7}</UniqueIdentifier>
    </Filter>
    <Filter Include="Header Files\BehaviorTree">
      <UniqueIdentifier>{5b4c2865-2e86-4e1a-8f29-b94f01ab519e}</UniqueIdentifier>
    </Filter>
    <Filter Include="Header Files\BeeTEditor">
      <UniqueIdentifier>{92cdb589-927c-4d23-9bb6-5c26a54c057b}</UniqueIdentifier>
    </Filter>
    <Filter Include="Source Files\BeeTEditor">
      <UniqueIdentifier>{169227a3-b370-4cbe-8bc2-e60d12ce16dd}</UniqueIdentifier>
    </Filter>
    <Filter Include="ThirdParty\Json">
      <UniqueIdentifier>{fcf7f28e-e48b-4fb8-aed7-976114a219db}</UniqueIdentifier>
    </Filter>
  </ItemGroup>
  <ItemGroup>
    <ClCompile Include="main.cpp">
      <Filter>Source Files</Filter>
    </ClCompile>
    <ClCompile Include="Application.cpp">
      <Filter>Source Files</Filter>
    </ClCompile>
    <ClCompile Include="Module.cpp">
      <Filter>Source Files</Filter>
    </ClCompile>
    <ClCompile Include="Window.cpp">
      <Filter>Source Files\Modules</Filter>
    </ClCompile>
    <ClCompile Include="Log.cpp">
      <Filter>Source Files\Helpers</Filter>
    </ClCompile>
    <ClCompile Include="Renderer.cpp">
      <Filter>Source Files\Modules</Filter>
    </ClCompile>
    <ClCompile Include="Input.cpp">
      <Filter>Source Files\Modules</Filter>
    </ClCompile>
    <ClCompile Include="BeeTGui.cpp">
      <Filter>Source Files\Modules</Filter>
    </ClCompile>
    <ClCompile Include="ThirdParty\ImGui\imgui_demo.cpp">
      <Filter>ThirdParty\ImGui</Filter>
    </ClCompile>
    <ClCompile Include="ThirdParty\ImGui\imgui_draw.cpp">
      <Filter>ThirdParty\ImGui</Filter>
    </ClCompile>
    <ClCompile Include="ThirdParty\ImGui\imgui_impl_sdl_gl3.cpp">
      <Filter>ThirdParty\ImGui</Filter>
    </ClCompile>
    <ClCompile Include="ThirdParty\ImGui\imgui.cpp">
      <Filter>ThirdParty\ImGui</Filter>
    </ClCompile>
    <ClCompile Include="ThirdParty\NodeEditor\Source\Editor.cpp">
      <Filter>ThirdParty\NodeEditor</Filter>
    </ClCompile>
    <ClCompile Include="ThirdParty\NodeEditor\Source\NodeEditor.cpp">
      <Filter>ThirdParty\NodeEditor</Filter>
    </ClCompile>
    <ClCompile Include="BehaviorTree.cpp">
      <Filter>Source Files\BehaviorTree</Filter>
    </ClCompile>
    <ClCompile Include="BTNode.cpp">
      <Filter>Source Files\BehaviorTree</Filter>
    </ClCompile>
    <ClCompile Include="BTLink.cpp">
      <Filter>Source Files\BehaviorTree</Filter>
    </ClCompile>
    <ClCompile Include="BeeTEditor.cpp">
      <Filter>Source Files\BeeTEditor</Filter>
    </ClCompile>
    <ClCompile Include="ThirdParty\Json\parson.c">
      <Filter>ThirdParty\Json</Filter>
    </ClCompile>
    <ClCompile Include="Data.cpp">
      <Filter>Source Files\Helpers</Filter>
    </ClCompile>
    <ClCompile Include="FileSystem.cpp">
      <Filter>Source Files\Modules</Filter>
    </ClCompile>
    <ClCompile Include="BTNodeTypes.cpp">
      <Filter>Source Files\BehaviorTree</Filter>
    </ClCompile>
  </ItemGroup>
  <ItemGroup>
    <ClInclude Include="Application.h">
      <Filter>Header Files</Filter>
    </ClInclude>
    <ClInclude Include="Module.h">
      <Filter>Header Files</Filter>
    </ClInclude>
    <ClInclude Include="Window.h">
      <Filter>Header Files\Modules</Filter>
    </ClInclude>
    <ClInclude Include="Log.h">
      <Filter>Header Files\Helpers</Filter>
    </ClInclude>
    <ClInclude Include="Renderer.h">
      <Filter>Header Files\Modules</Filter>
    </ClInclude>
    <ClInclude Include="Input.h">
      <Filter>Header Files\Modules</Filter>
    </ClInclude>
    <ClInclude Include="BeeTGui.h">
      <Filter>Header Files\Modules</Filter>
    </ClInclude>
    <ClInclude Include="ThirdParty\glew-2.1.0\include\glew.h">
      <Filter>ThirdParty\Glew</Filter>
    </ClInclude>
    <ClInclude Include="ThirdParty\glew-2.1.0\include\glxew.h">
      <Filter>ThirdParty\Glew</Filter>
    </ClInclude>
    <ClInclude Include="ThirdParty\glew-2.1.0\include\wglew.h">
      <Filter>ThirdParty\Glew</Filter>
    </ClInclude>
    <ClInclude Include="ThirdParty\glew-2.1.0\include\eglew.h">
      <Filter>ThirdParty\Glew</Filter>
    </ClInclude>
    <ClInclude Include="ThirdParty\ImGui\imgui_impl_sdl_gl3.h">
      <Filter>ThirdParty\ImGui</Filter>
    </ClInclude>
    <ClInclude Include="ThirdParty\ImGui\imgui_internal.h">
      <Filter>ThirdParty\ImGui</Filter>
    </ClInclude>
    <ClInclude Include="ThirdParty\ImGui\stb_image.h">
      <Filter>ThirdParty\ImGui</Filter>
    </ClInclude>
    <ClInclude Include="ThirdParty\ImGui\stb_rect_pack.h">
      <Filter>ThirdParty\ImGui</Filter>
    </ClInclude>
    <ClInclude Include="ThirdParty\ImGui\stb_textedit.h">
      <Filter>ThirdParty\ImGui</Filter>
    </ClInclude>
    <ClInclude Include="ThirdParty\ImGui\stb_truetype.h">
      <Filter>ThirdParty\ImGui</Filter>
    </ClInclude>
    <ClInclude Include="ThirdParty\ImGui\imconfig.h">
      <Filter>ThirdParty\ImGui</Filter>
    </ClInclude>
    <ClInclude Include="ThirdParty\ImGui\imgui.h">
      <Filter>ThirdParty\ImGui</Filter>
    </ClInclude>
    <ClInclude Include="ThirdParty\NodeEditor\Include\NodeEditor.h">
      <Filter>ThirdParty\NodeEditor</Filter>
    </ClInclude>
    <ClInclude Include="ThirdParty\NodeEditor\Source\Editor.h">
      <Filter>ThirdParty\NodeEditor</Filter>
    </ClInclude>
    <ClInclude Include="ThirdParty\NodeEditor\Source\Shared\Math2D.h">
      <Filter>ThirdParty\NodeEditor</Filter>
    </ClInclude>
    <ClInclude Include="ThirdParty\NodeEditor\Source\Shared\picojson.h">
      <Filter>ThirdParty\NodeEditor</Filter>
    </ClInclude>
    <ClInclude Include="ThirdParty\NodeEditor\Source\Shared\Interop.h">
      <Filter>ThirdParty\NodeEditor</Filter>
    </ClInclude>
    <ClInclude Include="ThirdParty\SDL2-2.0.7\include\close_code.h">
      <Filter>ThirdParty\SDL</Filter>
    </ClInclude>
    <ClInclude Include="ThirdParty\SDL2-2.0.7\include\SDL.h">
      <Filter>ThirdParty\SDL</Filter>
    </ClInclude>
    <ClInclude Include="ThirdParty\SDL2-2.0.7\include\SDL_assert.h">
      <Filter>ThirdParty\SDL</Filter>
    </ClInclude>
    <ClInclude Include="ThirdParty\SDL2-2.0.7\include\SDL_atomic.h">
      <Filter>ThirdParty\SDL</Filter>
    </ClInclude>
    <ClInclude Include="ThirdParty\SDL2-2.0.7\include\SDL_audio.h">
      <Filter>ThirdParty\SDL</Filter>
    </ClInclude>
    <ClInclude Include="ThirdParty\SDL2-2.0.7\include\SDL_bits.h">
      <Filter>ThirdParty\SDL</Filter>
    </ClInclude>
    <ClInclude Include="ThirdParty\SDL2-2.0.7\include\SDL_blendmode.h">
      <Filter>ThirdParty\SDL</Filter>
    </ClInclude>
    <ClInclude Include="ThirdParty\SDL2-2.0.7\include\SDL_clipboard.h">
      <Filter>ThirdParty\SDL</Filter>
    </ClInclude>
    <ClInclude Include="ThirdParty\SDL2-2.0.7\include\SDL_config.h">
      <Filter>ThirdParty\SDL</Filter>
    </ClInclude>
    <ClInclude Include="ThirdParty\SDL2-2.0.7\include\SDL_config_android.h">
      <Filter>ThirdParty\SDL</Filter>
    </ClInclude>
    <ClInclude Include="ThirdParty\SDL2-2.0.7\include\SDL_config_iphoneos.h">
      <Filter>ThirdParty\SDL</Filter>
    </ClInclude>
    <ClInclude Include="ThirdParty\SDL2-2.0.7\include\SDL_config_macosx.h">
      <Filter>ThirdParty\SDL</Filter>
    </ClInclude>
    <ClInclude Include="ThirdParty\SDL2-2.0.7\include\SDL_config_minimal.h">
      <Filter>ThirdParty\SDL</Filter>
    </ClInclude>
    <ClInclude Include="ThirdParty\SDL2-2.0.7\include\SDL_config_pandora.h">
      <Filter>ThirdParty\SDL</Filter>
    </ClInclude>
    <ClInclude Include="ThirdParty\SDL2-2.0.7\include\SDL_config_psp.h">
      <Filter>ThirdParty\SDL</Filter>
    </ClInclude>
    <ClInclude Include="ThirdParty\SDL2-2.0.7\include\SDL_config_windows.h">
      <Filter>ThirdParty\SDL</Filter>
    </ClInclude>
    <ClInclude Include="ThirdParty\SDL2-2.0.7\include\SDL_config_winrt.h">
      <Filter>ThirdParty\SDL</Filter>
    </ClInclude>
    <ClInclude Include="ThirdParty\SDL2-2.0.7\include\SDL_config_wiz.h">
      <Filter>ThirdParty\SDL</Filter>
    </ClInclude>
    <ClInclude Include="ThirdParty\SDL2-2.0.7\include\SDL_copying.h">
      <Filter>ThirdParty\SDL</Filter>
    </ClInclude>
    <ClInclude Include="ThirdParty\SDL2-2.0.7\include\SDL_cpuinfo.h">
      <Filter>ThirdParty\SDL</Filter>
    </ClInclude>
    <ClInclude Include="ThirdParty\SDL2-2.0.7\include\SDL_egl.h">
      <Filter>ThirdParty\SDL</Filter>
    </ClInclude>
    <ClInclude Include="ThirdParty\SDL2-2.0.7\include\SDL_endian.h">
      <Filter>ThirdParty\SDL</Filter>
    </ClInclude>
    <ClInclude Include="ThirdParty\SDL2-2.0.7\include\SDL_error.h">
      <Filter>ThirdParty\SDL</Filter>
    </ClInclude>
    <ClInclude Include="ThirdParty\SDL2-2.0.7\include\SDL_events.h">
      <Filter>ThirdParty\SDL</Filter>
    </ClInclude>
    <ClInclude Include="ThirdParty\SDL2-2.0.7\include\SDL_filesystem.h">
      <Filter>ThirdParty\SDL</Filter>
    </ClInclude>
    <ClInclude Include="ThirdParty\SDL2-2.0.7\include\SDL_gamecontroller.h">
      <Filter>ThirdParty\SDL</Filter>
    </ClInclude>
    <ClInclude Include="ThirdParty\SDL2-2.0.7\include\SDL_gesture.h">
      <Filter>ThirdParty\SDL</Filter>
    </ClInclude>
    <ClInclude Include="ThirdParty\SDL2-2.0.7\include\SDL_haptic.h">
      <Filter>ThirdParty\SDL</Filter>
    </ClInclude>
    <ClInclude Include="ThirdParty\SDL2-2.0.7\include\SDL_hints.h">
      <Filter>ThirdParty\SDL</Filter>
    </ClInclude>
    <ClInclude Include="ThirdParty\SDL2-2.0.7\include\SDL_joystick.h">
      <Filter>ThirdParty\SDL</Filter>
    </ClInclude>
    <ClInclude Include="ThirdParty\SDL2-2.0.7\include\SDL_keyboard.h">
      <Filter>ThirdParty\SDL</Filter>
    </ClInclude>
    <ClInclude Include="ThirdParty\SDL2-2.0.7\include\SDL_keycode.h">
      <Filter>ThirdParty\SDL</Filter>
    </ClInclude>
    <ClInclude Include="ThirdParty\SDL2-2.0.7\include\SDL_loadso.h">
      <Filter>ThirdParty\SDL</Filter>
    </ClInclude>
    <ClInclude Include="ThirdParty\SDL2-2.0.7\include\SDL_log.h">
      <Filter>ThirdParty\SDL</Filter>
    </ClInclude>
    <ClInclude Include="ThirdParty\SDL2-2.0.7\include\SDL_main.h">
      <Filter>ThirdParty\SDL</Filter>
    </ClInclude>
    <ClInclude Include="ThirdParty\SDL2-2.0.7\include\SDL_messagebox.h">
      <Filter>ThirdParty\SDL</Filter>
    </ClInclude>
    <ClInclude Include="ThirdParty\SDL2-2.0.7\include\SDL_mouse.h">
      <Filter>ThirdParty\SDL</Filter>
    </ClInclude>
    <ClInclude Include="ThirdParty\SDL2-2.0.7\include\SDL_mutex.h">
      <Filter>ThirdParty\SDL</Filter>
    </ClInclude>
    <ClInclude Include="ThirdParty\SDL2-2.0.7\include\SDL_name.h">
      <Filter>ThirdParty\SDL</Filter>
    </ClInclude>
    <ClInclude Include="ThirdParty\SDL2-2.0.7\include\SDL_opengl.h">
      <Filter>ThirdParty\SDL</Filter>
    </ClInclude>
    <ClInclude Include="ThirdParty\SDL2-2.0.7\include\SDL_opengl_glext.h">
      <Filter>ThirdParty\SDL</Filter>
    </ClInclude>
    <ClInclude Include="ThirdParty\SDL2-2.0.7\include\SDL_opengles.h">
      <Filter>ThirdParty\SDL</Filter>
    </ClInclude>
    <ClInclude Include="ThirdParty\SDL2-2.0.7\include\SDL_opengles2.h">
      <Filter>ThirdParty\SDL</Filter>
    </ClInclude>
    <ClInclude Include="ThirdParty\SDL2-2.0.7\include\SDL_opengles2_gl2.h">
      <Filter>ThirdParty\SDL</Filter>
    </ClInclude>
    <ClInclude Include="ThirdParty\SDL2-2.0.7\include\SDL_opengles2_gl2ext.h">
      <Filter>ThirdParty\SDL</Filter>
    </ClInclude>
    <ClInclude Include="ThirdParty\SDL2-2.0.7\include\SDL_opengles2_gl2platform.h">
      <Filter>ThirdParty\SDL</Filter>
    </ClInclude>
    <ClInclude Include="ThirdParty\SDL2-2.0.7\include\SDL_opengles2_khrplatform.h">
      <Filter>ThirdParty\SDL</Filter>
    </ClInclude>
    <ClInclude Include="ThirdParty\SDL2-2.0.7\include\SDL_pixels.h">
      <Filter>ThirdParty\SDL</Filter>
    </ClInclude>
    <ClInclude Include="ThirdParty\SDL2-2.0.7\include\SDL_platform.h">
      <Filter>ThirdParty\SDL</Filter>
    </ClInclude>
    <ClInclude Include="ThirdParty\SDL2-2.0.7\include\SDL_power.h">
      <Filter>ThirdParty\SDL</Filter>
    </ClInclude>
    <ClInclude Include="ThirdParty\SDL2-2.0.7\include\SDL_quit.h">
      <Filter>ThirdParty\SDL</Filter>
    </ClInclude>
    <ClInclude Include="ThirdParty\SDL2-2.0.7\include\SDL_rect.h">
      <Filter>ThirdParty\SDL</Filter>
    </ClInclude>
    <ClInclude Include="ThirdParty\SDL2-2.0.7\include\SDL_render.h">
      <Filter>ThirdParty\SDL</Filter>
    </ClInclude>
    <ClInclude Include="ThirdParty\SDL2-2.0.7\include\SDL_revision.h">
      <Filter>ThirdParty\SDL</Filter>
    </ClInclude>
    <ClInclude Include="ThirdParty\SDL2-2.0.7\include\SDL_rwops.h">
      <Filter>ThirdParty\SDL</Filter>
    </ClInclude>
    <ClInclude Include="ThirdParty\SDL2-2.0.7\include\SDL_scancode.h">
      <Filter>ThirdParty\SDL</Filter>
    </ClInclude>
    <ClInclude Include="ThirdParty\SDL2-2.0.7\include\SDL_shape.h">
      <Filter>ThirdParty\SDL</Filter>
    </ClInclude>
    <ClInclude Include="ThirdParty\SDL2-2.0.7\include\SDL_stdinc.h">
      <Filter>ThirdParty\SDL</Filter>
    </ClInclude>
    <ClInclude Include="ThirdParty\SDL2-2.0.7\include\SDL_surface.h">
      <Filter>ThirdParty\SDL</Filter>
    </ClInclude>
    <ClInclude Include="ThirdParty\SDL2-2.0.7\include\SDL_system.h">
      <Filter>ThirdParty\SDL</Filter>
    </ClInclude>
    <ClInclude Include="ThirdParty\SDL2-2.0.7\include\SDL_syswm.h">
      <Filter>ThirdParty\SDL</Filter>
    </ClInclude>
    <ClInclude Include="ThirdParty\SDL2-2.0.7\include\SDL_test.h">
      <Filter>ThirdParty\SDL</Filter>
    </ClInclude>
    <ClInclude Include="ThirdParty\SDL2-2.0.7\include\SDL_test_assert.h">
      <Filter>ThirdParty\SDL</Filter>
    </ClInclude>
    <ClInclude Include="ThirdParty\SDL2-2.0.7\include\SDL_test_common.h">
      <Filter>ThirdParty\SDL</Filter>
    </ClInclude>
    <ClInclude Include="ThirdParty\SDL2-2.0.7\include\SDL_test_compare.h">
      <Filter>ThirdParty\SDL</Filter>
    </ClInclude>
    <ClInclude Include="ThirdParty\SDL2-2.0.7\include\SDL_test_crc32.h">
      <Filter>ThirdParty\SDL</Filter>
    </ClInclude>
    <ClInclude Include="ThirdParty\SDL2-2.0.7\include\SDL_test_font.h">
      <Filter>ThirdParty\SDL</Filter>
    </ClInclude>
    <ClInclude Include="ThirdParty\SDL2-2.0.7\include\SDL_test_fuzzer.h">
      <Filter>ThirdParty\SDL</Filter>
    </ClInclude>
    <ClInclude Include="ThirdParty\SDL2-2.0.7\include\SDL_test_harness.h">
      <Filter>ThirdParty\SDL</Filter>
    </ClInclude>
    <ClInclude Include="ThirdParty\SDL2-2.0.7\include\SDL_test_images.h">
      <Filter>ThirdParty\SDL</Filter>
    </ClInclude>
    <ClInclude Include="ThirdParty\SDL2-2.0.7\include\SDL_test_log.h">
      <Filter>ThirdParty\SDL</Filter>
    </ClInclude>
    <ClInclude Include="ThirdParty\SDL2-2.0.7\include\SDL_test_md5.h">
      <Filter>ThirdParty\SDL</Filter>
    </ClInclude>
    <ClInclude Include="ThirdParty\SDL2-2.0.7\include\SDL_test_memory.h">
      <Filter>ThirdParty\SDL</Filter>
    </ClInclude>
    <ClInclude Include="ThirdParty\SDL2-2.0.7\include\SDL_test_random.h">
      <Filter>ThirdParty\SDL</Filter>
    </ClInclude>
    <ClInclude Include="ThirdParty\SDL2-2.0.7\include\SDL_thread.h">
      <Filter>ThirdParty\SDL</Filter>
    </ClInclude>
    <ClInclude Include="ThirdParty\SDL2-2.0.7\include\SDL_timer.h">
      <Filter>ThirdParty\SDL</Filter>
    </ClInclude>
    <ClInclude Include="ThirdParty\SDL2-2.0.7\include\SDL_touch.h">
      <Filter>ThirdParty\SDL</Filter>
    </ClInclude>
    <ClInclude Include="ThirdParty\SDL2-2.0.7\include\SDL_types.h">
      <Filter>ThirdParty\SDL</Filter>
    </ClInclude>
    <ClInclude Include="ThirdParty\SDL2-2.0.7\include\SDL_version.h">
      <Filter>ThirdParty\SDL</Filter>
    </ClInclude>
    <ClInclude Include="ThirdParty\SDL2-2.0.7\include\SDL_video.h">
      <Filter>ThirdParty\SDL</Filter>
    </ClInclude>
    <ClInclude Include="ThirdParty\SDL2-2.0.7\include\SDL_vulkan.h">
      <Filter>ThirdParty\SDL</Filter>
    </ClInclude>
    <ClInclude Include="ThirdParty\SDL2-2.0.7\include\begin_code.h">
      <Filter>ThirdParty\SDL</Filter>
    </ClInclude>
    <ClInclude Include="BehaviorTree.h">
      <Filter>Header Files\BehaviorTree</Filter>
    </ClInclude>
    <ClInclude Include="BTNode.h">
      <Filter>Header Files\BehaviorTree</Filter>
    </ClInclude>
    <ClInclude Include="BTLink.h">
      <Filter>Header Files\BehaviorTree</Filter>
    </ClInclude>
    <ClInclude Include="BTNodeTypes.h">
      <Filter>Header Files\BehaviorTree</Filter>
    </ClInclude>
    <ClInclude Include="BeeTEditor.h">
      <Filter>Header Files\BeeTEditor</Filter>
    </ClInclude>
    <ClInclude Include="resource.h">
      <Filter>Header Files</Filter>
    </ClInclude>
    <ClInclude Include="ThirdParty\Json\parson.h">
      <Filter>ThirdParty\Json</Filter>
    </ClInclude>
    <ClInclude Include="Data.h">
      <Filter>Header Files\Helpers</Filter>
    </ClInclude>
    <ClInclude Include="Point.h">
      <Filter>Source Files\Helpers</Filter>
    </ClInclude>
    <ClInclude Include="FileSystem.h">
      <Filter>Header Files\Modules</Filter>
    </ClInclude>
  </ItemGroup>
  <ItemGroup>
    <None Include="ThirdParty\NodeEditor\Source\Shared\Math2D.inl">
      <Filter>ThirdParty\NodeEditor</Filter>
    </None>
    <None Include="ThirdParty\SDL2-2.0.7\include\SDL_config.h.cmake">
      <Filter>ThirdParty\SDL</Filter>
    </None>
    <None Include="ThirdParty\SDL2-2.0.7\include\SDL_config.h.in">
      <Filter>ThirdParty\SDL</Filter>
    </None>
    <None Include="ThirdParty\SDL2-2.0.7\include\SDL_config_macosx.h.orig">
      <Filter>ThirdParty\SDL</Filter>
    </None>
  </ItemGroup>
  <ItemGroup>
    <Text Include="TestGuiCode_h.txt">
      <Filter>Header Files\Helpers</Filter>
    </Text>
    <Text Include="TestGuiCode_cpp.txt">
      <Filter>Header Files\Helpers</Filter>
    </Text>
  </ItemGroup>
  <ItemGroup>
    <Image Include="res\icon.ico">
      <Filter>Resource Files</Filter>
    </Image>
  </ItemGroup>
  <ItemGroup>
    <ResourceCompile Include="Resource.rc">
      <Filter>Resource Files</Filter>
    </ResourceCompile>
  </ItemGroup>
</Project>